
Microsoft Visual Studio Solution File, Format Version 12.00
# Visual Studio Version 17
VisualStudioVersion = 17.12.35309.182
MinimumVisualStudioVersion = 10.0.40219.1
Project("{FAE04EC0-301F-11D3-BF4B-00C04F79EFBC}") = "SnakeWPF", "SnakeWPF.csproj", "{FCBDA6BC-CF69-4156-938B-94E312B15413}"
EndProject
Global
	GlobalSection(SolutionConfigurationPlatforms) = preSolution
		Debug|Any CPU = Debug|Any CPU
		Release|Any CPU = Release|Any CPU
	EndGlobalSection
	GlobalSection(ProjectConfigurationPlatforms) = postSolution
		{FCBDA6BC-CF69-4156-938B-94E312B15413}.Debug|Any CPU.ActiveCfg = Debug|Any CPU
		{FCBDA6BC-CF69-4156-938B-94E312B15413}.Debug|Any CPU.Build.0 = Debug|Any CPU
		{FCBDA6BC-CF69-4156-938B-94E312B15413}.Release|Any CPU.ActiveCfg = Release|Any CPU
		{FCBDA6BC-CF69-4156-938B-94E312B15413}.Release|Any CPU.Build.0 = Release|Any CPU
	EndGlobalSection
	GlobalSection(SolutionProperties) = preSolution
		HideSolutionNode = FALSE
	EndGlobalSection
	GlobalSection(ExtensibilityGlobals) = postSolution
		SolutionGuid = {63A6FD8B-5EF3-4B32-AC4D-8717D6B7FE36}
	EndGlobalSection
EndGlobal
